// !$*UTF8*$!
{
	archiveVersion = 1;
	classes = {
	};
	objectVersion = 46;
	objects = {

/* Begin PBXBuildFile section */
		276296B3BD84DA46BF88401B /* Pods_DouYuTV.framework in Frameworks */ = {isa = PBXBuildFile; fileRef = 0CE29DF8F7CACDE1FA97D139 /* Pods_DouYuTV.framework */; };
		7F2919861DDEF33B00107BB8 /* NetworkTool.swift in Sources */ = {isa = PBXBuildFile; fileRef = 7F2919851DDEF33B00107BB8 /* NetworkTool.swift */; };
		7F2919891DDEFA6900107BB8 /* RecommendVM.swift in Sources */ = {isa = PBXBuildFile; fileRef = 7F2919881DDEFA6900107BB8 /* RecommendVM.swift */; };
		7F29198D1DDEFD5900107BB8 /* NSDate-Extension.swift in Sources */ = {isa = PBXBuildFile; fileRef = 7F29198C1DDEFD5900107BB8 /* NSDate-Extension.swift */; };
		7F2919901DDF02D400107BB8 /* AnchorGroupModel.swift in Sources */ = {isa = PBXBuildFile; fileRef = 7F29198F1DDF02D400107BB8 /* AnchorGroupModel.swift */; };
		7F2919921DDF056000107BB8 /* AnchorModel.swift in Sources */ = {isa = PBXBuildFile; fileRef = 7F2919911DDF056000107BB8 /* AnchorModel.swift */; };
		7F2919941DDFF16A00107BB8 /* BaseCollectionCell.swift in Sources */ = {isa = PBXBuildFile; fileRef = 7F2919931DDFF16A00107BB8 /* BaseCollectionCell.swift */; };
		7F2919961DDFF72900107BB8 /* RecommendCycleView.swift in Sources */ = {isa = PBXBuildFile; fileRef = 7F2919951DDFF72900107BB8 /* RecommendCycleView.swift */; };
		7F2919981DDFF9C500107BB8 /* RecommendCycleView.xib in Resources */ = {isa = PBXBuildFile; fileRef = 7F2919971DDFF9C500107BB8 /* RecommendCycleView.xib */; };
		7F3C9CE21DE284E300704C86 /* CycleModel.swift in Sources */ = {isa = PBXBuildFile; fileRef = 7F3C9CE11DE284E300704C86 /* CycleModel.swift */; };
		7F3C9CE51DE2896700704C86 /* CycleCollectionCell.swift in Sources */ = {isa = PBXBuildFile; fileRef = 7F3C9CE31DE2896700704C86 /* CycleCollectionCell.swift */; };
		7F3C9CE61DE2896700704C86 /* CycleCollectionCell.xib in Resources */ = {isa = PBXBuildFile; fileRef = 7F3C9CE41DE2896700704C86 /* CycleCollectionCell.xib */; };
		7F3C9CE81DE2A3F700704C86 /* RecommendGameView.swift in Sources */ = {isa = PBXBuildFile; fileRef = 7F3C9CE71DE2A3F700704C86 /* RecommendGameView.swift */; };
		7F3C9CEA1DE2A40A00704C86 /* RecommendGameView.xib in Resources */ = {isa = PBXBuildFile; fileRef = 7F3C9CE91DE2A40A00704C86 /* RecommendGameView.xib */; };
		7F3C9CED1DE2B36700704C86 /* GameCollectionCell.swift in Sources */ = {isa = PBXBuildFile; fileRef = 7F3C9CEB1DE2B36700704C86 /* GameCollectionCell.swift */; };
		7F3C9CEE1DE2B36700704C86 /* GameCollectionCell.xib in Resources */ = {isa = PBXBuildFile; fileRef = 7F3C9CEC1DE2B36700704C86 /* GameCollectionCell.xib */; };
		7F3C9CF01DE2C5E700704C86 /* GameViewController.swift in Sources */ = {isa = PBXBuildFile; fileRef = 7F3C9CEF1DE2C5E700704C86 /* GameViewController.swift */; };
		7F3C9CF21DE2D04100704C86 /* GameVM.swift in Sources */ = {isa = PBXBuildFile; fileRef = 7F3C9CF11DE2D04100704C86 /* GameVM.swift */; };
		7F3C9CF41DE2D1E500704C86 /* GameModel.swift in Sources */ = {isa = PBXBuildFile; fileRef = 7F3C9CF31DE2D1E500704C86 /* GameModel.swift */; };
		7F3C9CF61DE2D79200704C86 /* BaseGameModel.swift in Sources */ = {isa = PBXBuildFile; fileRef = 7F3C9CF51DE2D79200704C86 /* BaseGameModel.swift */; };
		7F3C9CF91DE2E50C00704C86 /* BaseGroupModel.swift in Sources */ = {isa = PBXBuildFile; fileRef = 7F3C9CF81DE2E50C00704C86 /* BaseGroupModel.swift */; };
		7F3C9CFB1DE2EB3C00704C86 /* RecommendCateView.swift in Sources */ = {isa = PBXBuildFile; fileRef = 7F3C9CFA1DE2EB3C00704C86 /* RecommendCateView.swift */; };
		7F3C9CFD1DE2EB5D00704C86 /* RecommendCateView.xib in Resources */ = {isa = PBXBuildFile; fileRef = 7F3C9CFC1DE2EB5D00704C86 /* RecommendCateView.xib */; };
		7F73CADC1DE56B5D001C795C /* CateCollectionCell.swift in Sources */ = {isa = PBXBuildFile; fileRef = 7F73CADA1DE56B5D001C795C /* CateCollectionCell.swift */; };
		7F73CADD1DE56B5D001C795C /* CateCollectionCell.xib in Resources */ = {isa = PBXBuildFile; fileRef = 7F73CADB1DE56B5D001C795C /* CateCollectionCell.xib */; };
		7FB3A8371DDE95080020F75C /* RecommendViewController.swift in Sources */ = {isa = PBXBuildFile; fileRef = 7FB3A8361DDE95080020F75C /* RecommendViewController.swift */; };
		7FB3A83D1DDEA3110020F75C /* RecommendHeaderView.swift in Sources */ = {isa = PBXBuildFile; fileRef = 7FB3A83C1DDEA3110020F75C /* RecommendHeaderView.swift */; };
		7FB3A83F1DDEA3AF0020F75C /* RecommendHeaderView.xib in Resources */ = {isa = PBXBuildFile; fileRef = 7FB3A83E1DDEA3AF0020F75C /* RecommendHeaderView.xib */; };
		7FB3A8421DDEB2880020F75C /* NormalCollectionCell.swift in Sources */ = {isa = PBXBuildFile; fileRef = 7FB3A8401DDEB2880020F75C /* NormalCollectionCell.swift */; };
		7FB3A8431DDEB2880020F75C /* NormalCollectionCell.xib in Resources */ = {isa = PBXBuildFile; fileRef = 7FB3A8411DDEB2880020F75C /* NormalCollectionCell.xib */; };
		7FB3A8461DDECB330020F75C /* PrettyCollectionCell.swift in Sources */ = {isa = PBXBuildFile; fileRef = 7FB3A8441DDECB330020F75C /* PrettyCollectionCell.swift */; };
		7FB3A8471DDECB330020F75C /* PrettyCollectionCell.xib in Resources */ = {isa = PBXBuildFile; fileRef = 7FB3A8451DDECB330020F75C /* PrettyCollectionCell.xib */; };
		7FBB981E1DE41CBB00CE903D /* BaseViewModel.swift in Sources */ = {isa = PBXBuildFile; fileRef = 7FBB981D1DE41CBB00CE903D /* BaseViewModel.swift */; };
		7FBB98201DE41ED600CE903D /* EntertainmentVM.swift in Sources */ = {isa = PBXBuildFile; fileRef = 7FBB981F1DE41ED600CE903D /* EntertainmentVM.swift */; };
		7FBB98221DE41F0900CE903D /* FunVM.swift in Sources */ = {isa = PBXBuildFile; fileRef = 7FBB98211DE41F0900CE903D /* FunVM.swift */; };
		7FEB21931DDD386500B898DF /* PageTitleView.swift in Sources */ = {isa = PBXBuildFile; fileRef = 7FEB21921DDD386500B898DF /* PageTitleView.swift */; };
		7FEB21961DDD3B6A00B898DF /* Common.swift in Sources */ = {isa = PBXBuildFile; fileRef = 7FEB21951DDD3B6A00B898DF /* Common.swift */; };
		7FEB21A11DDD456F00B898DF /* Follow.storyboard in Resources */ = {isa = PBXBuildFile; fileRef = 7FEB219D1DDD456F00B898DF /* Follow.storyboard */; };
		7FEB21A21DDD456F00B898DF /* Profile.storyboard in Resources */ = {isa = PBXBuildFile; fileRef = 7FEB219F1DDD456F00B898DF /* Profile.storyboard */; };
		7FEB21A41DDD5A8D00B898DF /* PageContentView.swift in Sources */ = {isa = PBXBuildFile; fileRef = 7FEB21A31DDD5A8D00B898DF /* PageContentView.swift */; };
		7FEB21A81DDD5F3800B898DF /* UIColor-Extension.swift in Sources */ = {isa = PBXBuildFile; fileRef = 7FEB21A71DDD5F3800B898DF /* UIColor-Extension.swift */; };
		E17619C71DB8DCD9003965E2 /* AppDelegate.swift in Sources */ = {isa = PBXBuildFile; fileRef = E17619C61DB8DCD9003965E2 /* AppDelegate.swift */; };
		E17619CC1DB8DCD9003965E2 /* Main.storyboard in Resources */ = {isa = PBXBuildFile; fileRef = E17619CA1DB8DCD9003965E2 /* Main.storyboard */; };
		E17619CE1DB8DCD9003965E2 /* Assets.xcassets in Resources */ = {isa = PBXBuildFile; fileRef = E17619CD1DB8DCD9003965E2 /* Assets.xcassets */; };
		E17619F31DB8F864003965E2 /* Home.storyboard in Resources */ = {isa = PBXBuildFile; fileRef = E17619F11DB8F864003965E2 /* Home.storyboard */; };
		E17619F61DB8F8A5003965E2 /* Live.storyboard in Resources */ = {isa = PBXBuildFile; fileRef = E17619F41DB8F8A5003965E2 /* Live.storyboard */; };
		E1761A001DB90028003965E2 /* MainViewController.swift in Sources */ = {isa = PBXBuildFile; fileRef = E17619FF1DB90028003965E2 /* MainViewController.swift */; };
		E1761A021DB90071003965E2 /* HomeViewController.swift in Sources */ = {isa = PBXBuildFile; fileRef = E1761A011DB90071003965E2 /* HomeViewController.swift */; };
		E1761A041DB9008C003965E2 /* LiveViewController.swift in Sources */ = {isa = PBXBuildFile; fileRef = E1761A031DB9008C003965E2 /* LiveViewController.swift */; };
		E1761A061DB90098003965E2 /* FollowViewController.swift in Sources */ = {isa = PBXBuildFile; fileRef = E1761A051DB90098003965E2 /* FollowViewController.swift */; };
		E1761A081DB900A5003965E2 /* ProfileViewController.swift in Sources */ = {isa = PBXBuildFile; fileRef = E1761A071DB900A5003965E2 /* ProfileViewController.swift */; };
		E1761A0B1DB908E4003965E2 /* UIBarButtonItem-Extension.swift in Sources */ = {isa = PBXBuildFile; fileRef = E1761A0A1DB908E4003965E2 /* UIBarButtonItem-Extension.swift */; };
		E1D052921DE3140400ABD88E /* HomeBaseViewController.swift in Sources */ = {isa = PBXBuildFile; fileRef = E1D052911DE3140400ABD88E /* HomeBaseViewController.swift */; };
		E1D052941DE3154100ABD88E /* EntertainmentViewController.swift in Sources */ = {isa = PBXBuildFile; fileRef = E1D052931DE3154100ABD88E /* EntertainmentViewController.swift */; };
		E1D052961DE31EC300ABD88E /* FunViewController.swift in Sources */ = {isa = PBXBuildFile; fileRef = E1D052951DE31EC300ABD88E /* FunViewController.swift */; };
/* End PBXBuildFile section */

/* Begin PBXFileReference section */
		0CE29DF8F7CACDE1FA97D139 /* Pods_DouYuTV.framework */ = {isa = PBXFileReference; explicitFileType = wrapper.framework; includeInIndex = 0; path = Pods_DouYuTV.framework; sourceTree = BUILT_PRODUCTS_DIR; };
		7F2919851DDEF33B00107BB8 /* NetworkTool.swift */ = {isa = PBXFileReference; fileEncoding = 4; lastKnownFileType = sourcecode.swift; path = NetworkTool.swift; sourceTree = "<group>"; };
		7F2919881DDEFA6900107BB8 /* RecommendVM.swift */ = {isa = PBXFileReference; fileEncoding = 4; lastKnownFileType = sourcecode.swift; path = RecommendVM.swift; sourceTree = "<group>"; };
		7F29198C1DDEFD5900107BB8 /* NSDate-Extension.swift */ = {isa = PBXFileReference; fileEncoding = 4; lastKnownFileType = sourcecode.swift; path = "NSDate-Extension.swift"; sourceTree = "<group>"; };
		7F29198F1DDF02D400107BB8 /* AnchorGroupModel.swift */ = {isa = PBXFileReference; fileEncoding = 4; lastKnownFileType = sourcecode.swift; path = AnchorGroupModel.swift; sourceTree = "<group>"; };
		7F2919911DDF056000107BB8 /* AnchorModel.swift */ = {isa = PBXFileReference; fileEncoding = 4; lastKnownFileType = sourcecode.swift; path = AnchorModel.swift; sourceTree = "<group>"; };
		7F2919931DDFF16A00107BB8 /* BaseCollectionCell.swift */ = {isa = PBXFileReference; fileEncoding = 4; lastKnownFileType = sourcecode.swift; path = BaseCollectionCell.swift; sourceTree = "<group>"; };
		7F2919951DDFF72900107BB8 /* RecommendCycleView.swift */ = {isa = PBXFileReference; fileEncoding = 4; lastKnownFileType = sourcecode.swift; path = RecommendCycleView.swift; sourceTree = "<group>"; };
		7F2919971DDFF9C500107BB8 /* RecommendCycleView.xib */ = {isa = PBXFileReference; fileEncoding = 4; lastKnownFileType = file.xib; path = RecommendCycleView.xib; sourceTree = "<group>"; };
		7F3C9CE11DE284E300704C86 /* CycleModel.swift */ = {isa = PBXFileReference; fileEncoding = 4; lastKnownFileType = sourcecode.swift; path = CycleModel.swift; sourceTree = "<group>"; };
		7F3C9CE31DE2896700704C86 /* CycleCollectionCell.swift */ = {isa = PBXFileReference; fileEncoding = 4; lastKnownFileType = sourcecode.swift; path = CycleCollectionCell.swift; sourceTree = "<group>"; };
		7F3C9CE41DE2896700704C86 /* CycleCollectionCell.xib */ = {isa = PBXFileReference; fileEncoding = 4; lastKnownFileType = file.xib; path = CycleCollectionCell.xib; sourceTree = "<group>"; };
		7F3C9CE71DE2A3F700704C86 /* RecommendGameView.swift */ = {isa = PBXFileReference; fileEncoding = 4; lastKnownFileType = sourcecode.swift; path = RecommendGameView.swift; sourceTree = "<group>"; };
		7F3C9CE91DE2A40A00704C86 /* RecommendGameView.xib */ = {isa = PBXFileReference; fileEncoding = 4; lastKnownFileType = file.xib; path = RecommendGameView.xib; sourceTree = "<group>"; };
		7F3C9CEB1DE2B36700704C86 /* GameCollectionCell.swift */ = {isa = PBXFileReference; fileEncoding = 4; lastKnownFileType = sourcecode.swift; path = GameCollectionCell.swift; sourceTree = "<group>"; };
		7F3C9CEC1DE2B36700704C86 /* GameCollectionCell.xib */ = {isa = PBXFileReference; fileEncoding = 4; lastKnownFileType = file.xib; path = GameCollectionCell.xib; sourceTree = "<group>"; };
		7F3C9CEF1DE2C5E700704C86 /* GameViewController.swift */ = {isa = PBXFileReference; fileEncoding = 4; lastKnownFileType = sourcecode.swift; path = GameViewController.swift; sourceTree = "<group>"; };
		7F3C9CF11DE2D04100704C86 /* GameVM.swift */ = {isa = PBXFileReference; fileEncoding = 4; lastKnownFileType = sourcecode.swift; path = GameVM.swift; sourceTree = "<group>"; };
		7F3C9CF31DE2D1E500704C86 /* GameModel.swift */ = {isa = PBXFileReference; fileEncoding = 4; lastKnownFileType = sourcecode.swift; path = GameModel.swift; sourceTree = "<group>"; };
		7F3C9CF51DE2D79200704C86 /* BaseGameModel.swift */ = {isa = PBXFileReference; fileEncoding = 4; lastKnownFileType = sourcecode.swift; path = BaseGameModel.swift; sourceTree = "<group>"; };
		7F3C9CF71DE2E1A400704C86 /* http请求资源.h */ = {isa = PBXFileReference; lastKnownFileType = sourcecode.c.h; path = "http请求资源.h"; sourceTree = "<group>"; };
		7F3C9CF81DE2E50C00704C86 /* BaseGroupModel.swift */ = {isa = PBXFileReference; fileEncoding = 4; lastKnownFileType = sourcecode.swift; path = BaseGroupModel.swift; sourceTree = "<group>"; };
		7F3C9CFA1DE2EB3C00704C86 /* RecommendCateView.swift */ = {isa = PBXFileReference; fileEncoding = 4; lastKnownFileType = sourcecode.swift; path = RecommendCateView.swift; sourceTree = "<group>"; };
		7F3C9CFC1DE2EB5D00704C86 /* RecommendCateView.xib */ = {isa = PBXFileReference; fileEncoding = 4; lastKnownFileType = file.xib; path = RecommendCateView.xib; sourceTree = "<group>"; };
		7F73CADA1DE56B5D001C795C /* CateCollectionCell.swift */ = {isa = PBXFileReference; fileEncoding = 4; lastKnownFileType = sourcecode.swift; path = CateCollectionCell.swift; sourceTree = "<group>"; };
		7F73CADB1DE56B5D001C795C /* CateCollectionCell.xib */ = {isa = PBXFileReference; fileEncoding = 4; lastKnownFileType = file.xib; path = CateCollectionCell.xib; sourceTree = "<group>"; };
		7FB3A8361DDE95080020F75C /* RecommendViewController.swift */ = {isa = PBXFileReference; fileEncoding = 4; lastKnownFileType = sourcecode.swift; path = RecommendViewController.swift; sourceTree = "<group>"; };
		7FB3A83C1DDEA3110020F75C /* RecommendHeaderView.swift */ = {isa = PBXFileReference; fileEncoding = 4; lastKnownFileType = sourcecode.swift; path = RecommendHeaderView.swift; sourceTree = "<group>"; };
		7FB3A83E1DDEA3AF0020F75C /* RecommendHeaderView.xib */ = {isa = PBXFileReference; fileEncoding = 4; lastKnownFileType = file.xib; path = RecommendHeaderView.xib; sourceTree = "<group>"; };
		7FB3A8401DDEB2880020F75C /* NormalCollectionCell.swift */ = {isa = PBXFileReference; fileEncoding = 4; lastKnownFileType = sourcecode.swift; path = NormalCollectionCell.swift; sourceTree = "<group>"; };
		7FB3A8411DDEB2880020F75C /* NormalCollectionCell.xib */ = {isa = PBXFileReference; fileEncoding = 4; lastKnownFileType = file.xib; path = NormalCollectionCell.xib; sourceTree = "<group>"; };
		7FB3A8441DDECB330020F75C /* PrettyCollectionCell.swift */ = {isa = PBXFileReference; fileEncoding = 4; lastKnownFileType = sourcecode.swift; path = PrettyCollectionCell.swift; sourceTree = "<group>"; };
		7FB3A8451DDECB330020F75C /* PrettyCollectionCell.xib */ = {isa = PBXFileReference; fileEncoding = 4; lastKnownFileType = file.xib; path = PrettyCollectionCell.xib; sourceTree = "<group>"; };
		7FBB981D1DE41CBB00CE903D /* BaseViewModel.swift */ = {isa = PBXFileReference; fileEncoding = 4; lastKnownFileType = sourcecode.swift; path = BaseViewModel.swift; sourceTree = "<group>"; };
		7FBB981F1DE41ED600CE903D /* EntertainmentVM.swift */ = {isa = PBXFileReference; fileEncoding = 4; lastKnownFileType = sourcecode.swift; path = EntertainmentVM.swift; sourceTree = "<group>"; };
		7FBB98211DE41F0900CE903D /* FunVM.swift */ = {isa = PBXFileReference; fileEncoding = 4; lastKnownFileType = sourcecode.swift; path = FunVM.swift; sourceTree = "<group>"; };
		7FEB21921DDD386500B898DF /* PageTitleView.swift */ = {isa = PBXFileReference; fileEncoding = 4; lastKnownFileType = sourcecode.swift; path = PageTitleView.swift; sourceTree = "<group>"; };
		7FEB21951DDD3B6A00B898DF /* Common.swift */ = {isa = PBXFileReference; fileEncoding = 4; lastKnownFileType = sourcecode.swift; path = Common.swift; sourceTree = "<group>"; };
		7FEB219E1DDD456F00B898DF /* Base */ = {isa = PBXFileReference; lastKnownFileType = file.storyboard; name = Base; path = Base.lproj/Follow.storyboard; sourceTree = "<group>"; };
		7FEB21A01DDD456F00B898DF /* Base */ = {isa = PBXFileReference; lastKnownFileType = file.storyboard; name = Base; path = Base.lproj/Profile.storyboard; sourceTree = "<group>"; };
		7FEB21A31DDD5A8D00B898DF /* PageContentView.swift */ = {isa = PBXFileReference; fileEncoding = 4; lastKnownFileType = sourcecode.swift; path = PageContentView.swift; sourceTree = "<group>"; };
		7FEB21A71DDD5F3800B898DF /* UIColor-Extension.swift */ = {isa = PBXFileReference; fileEncoding = 4; lastKnownFileType = sourcecode.swift; path = "UIColor-Extension.swift"; sourceTree = "<group>"; };
		9670878A78E16958129FF475 /* Pods-DouYuTV.release.xcconfig */ = {isa = PBXFileReference; includeInIndex = 1; lastKnownFileType = text.xcconfig; name = "Pods-DouYuTV.release.xcconfig"; path = "Pods/Target Support Files/Pods-DouYuTV/Pods-DouYuTV.release.xcconfig"; sourceTree = "<group>"; };
		B6BC3A54B392B1EAAB97637C /* Pods-DouYuTV.debug.xcconfig */ = {isa = PBXFileReference; includeInIndex = 1; lastKnownFileType = text.xcconfig; name = "Pods-DouYuTV.debug.xcconfig"; path = "Pods/Target Support Files/Pods-DouYuTV/Pods-DouYuTV.debug.xcconfig"; sourceTree = "<group>"; };
		E17619C31DB8DCD9003965E2 /* DouYuTV.app */ = {isa = PBXFileReference; explicitFileType = wrapper.application; includeInIndex = 0; path = DouYuTV.app; sourceTree = BUILT_PRODUCTS_DIR; };
		E17619C61DB8DCD9003965E2 /* AppDelegate.swift */ = {isa = PBXFileReference; lastKnownFileType = sourcecode.swift; path = AppDelegate.swift; sourceTree = "<group>"; };
		E17619CB1DB8DCD9003965E2 /* Base */ = {isa = PBXFileReference; lastKnownFileType = file.storyboard; name = Base; path = Base.lproj/Main.storyboard; sourceTree = "<group>"; };
		E17619CD1DB8DCD9003965E2 /* Assets.xcassets */ = {isa = PBXFileReference; lastKnownFileType = folder.assetcatalog; path = Assets.xcassets; sourceTree = "<group>"; };
		E17619D21DB8DCD9003965E2 /* Info.plist */ = {isa = PBXFileReference; lastKnownFileType = text.plist.xml; path = Info.plist; sourceTree = "<group>"; };
		E17619F21DB8F864003965E2 /* Base */ = {isa = PBXFileReference; lastKnownFileType = file.storyboard; name = Base; path = DouYuTV/Base.lproj/Home.storyboard; sourceTree = SOURCE_ROOT; };
		E17619F51DB8F8A5003965E2 /* Base */ = {isa = PBXFileReference; lastKnownFileType = file.storyboard; name = Base; path = DouYuTV/Base.lproj/Live.storyboard; sourceTree = SOURCE_ROOT; };
		E17619FF1DB90028003965E2 /* MainViewController.swift */ = {isa = PBXFileReference; fileEncoding = 4; lastKnownFileType = sourcecode.swift; path = MainViewController.swift; sourceTree = "<group>"; };
		E1761A011DB90071003965E2 /* HomeViewController.swift */ = {isa = PBXFileReference; fileEncoding = 4; lastKnownFileType = sourcecode.swift; path = HomeViewController.swift; sourceTree = "<group>"; };
		E1761A031DB9008C003965E2 /* LiveViewController.swift */ = {isa = PBXFileReference; fileEncoding = 4; lastKnownFileType = sourcecode.swift; path = LiveViewController.swift; sourceTree = "<group>"; };
		E1761A051DB90098003965E2 /* FollowViewController.swift */ = {isa = PBXFileReference; fileEncoding = 4; lastKnownFileType = sourcecode.swift; path = FollowViewController.swift; sourceTree = "<group>"; };
		E1761A071DB900A5003965E2 /* ProfileViewController.swift */ = {isa = PBXFileReference; fileEncoding = 4; lastKnownFileType = sourcecode.swift; path = ProfileViewController.swift; sourceTree = "<group>"; };
		E1761A0A1DB908E4003965E2 /* UIBarButtonItem-Extension.swift */ = {isa = PBXFileReference; fileEncoding = 4; lastKnownFileType = sourcecode.swift; path = "UIBarButtonItem-Extension.swift"; sourceTree = "<group>"; };
		E1D052911DE3140400ABD88E /* HomeBaseViewController.swift */ = {isa = PBXFileReference; fileEncoding = 4; lastKnownFileType = sourcecode.swift; path = HomeBaseViewController.swift; sourceTree = "<group>"; };
		E1D052931DE3154100ABD88E /* EntertainmentViewController.swift */ = {isa = PBXFileReference; fileEncoding = 4; lastKnownFileType = sourcecode.swift; path = EntertainmentViewController.swift; sourceTree = "<group>"; };
		E1D052951DE31EC300ABD88E /* FunViewController.swift */ = {isa = PBXFileReference; fileEncoding = 4; lastKnownFileType = sourcecode.swift; path = FunViewController.swift; sourceTree = "<group>"; };
/* End PBXFileReference section */

/* Begin PBXFrameworksBuildPhase section */
		E17619C01DB8DCD9003965E2 /* Frameworks */ = {
			isa = PBXFrameworksBuildPhase;
			buildActionMask = 2147483647;
			files = (
				276296B3BD84DA46BF88401B /* Pods_DouYuTV.framework in Frameworks */,
			);
			runOnlyForDeploymentPostprocessing = 0;
		};
/* End PBXFrameworksBuildPhase section */

/* Begin PBXGroup section */
		7F2919871DDEFA1B00107BB8 /* ViewModel */ = {
			isa = PBXGroup;
			children = (
				7F2919881DDEFA6900107BB8 /* RecommendVM.swift */,
				7F3C9CF11DE2D04100704C86 /* GameVM.swift */,
				7FBB981F1DE41ED600CE903D /* EntertainmentVM.swift */,
				7FBB98211DE41F0900CE903D /* FunVM.swift */,
			);
			path = ViewModel;
			sourceTree = "<group>";
		};
		7F29198E1DDF02B100107BB8 /* Model */ = {
			isa = PBXGroup;
			children = (
				7F3C9CF51DE2D79200704C86 /* BaseGameModel.swift */,
				7F3C9CF81DE2E50C00704C86 /* BaseGroupModel.swift */,
				7F29198F1DDF02D400107BB8 /* AnchorGroupModel.swift */,
				7F2919911DDF056000107BB8 /* AnchorModel.swift */,
			);
			path = Model;
			sourceTree = "<group>";
		};
		7FB3A83A1DDEA3110020F75C /* Model */ = {
			isa = PBXGroup;
			children = (
				7F3C9CE11DE284E300704C86 /* CycleModel.swift */,
				7F3C9CF31DE2D1E500704C86 /* GameModel.swift */,
			);
			path = Model;
			sourceTree = "<group>";
		};
		7FB3A83B1DDEA3110020F75C /* View */ = {
			isa = PBXGroup;
			children = (
				7FB3A83C1DDEA3110020F75C /* RecommendHeaderView.swift */,
				7FB3A83E1DDEA3AF0020F75C /* RecommendHeaderView.xib */,
				7F2919951DDFF72900107BB8 /* RecommendCycleView.swift */,
				7F2919971DDFF9C500107BB8 /* RecommendCycleView.xib */,
				7F3C9CE31DE2896700704C86 /* CycleCollectionCell.swift */,
				7F3C9CE41DE2896700704C86 /* CycleCollectionCell.xib */,
				7F3C9CE71DE2A3F700704C86 /* RecommendGameView.swift */,
				7F3C9CE91DE2A40A00704C86 /* RecommendGameView.xib */,
				7F3C9CEB1DE2B36700704C86 /* GameCollectionCell.swift */,
				7F3C9CEC1DE2B36700704C86 /* GameCollectionCell.xib */,
				7F3C9CFA1DE2EB3C00704C86 /* RecommendCateView.swift */,
				7F3C9CFC1DE2EB5D00704C86 /* RecommendCateView.xib */,
				7F73CADA1DE56B5D001C795C /* CateCollectionCell.swift */,
				7F73CADB1DE56B5D001C795C /* CateCollectionCell.xib */,
			);
			path = View;
			sourceTree = "<group>";
		};
		7FBB981C1DE41CA100CE903D /* ViewModel */ = {
			isa = PBXGroup;
			children = (
				7FBB981D1DE41CBB00CE903D /* BaseViewModel.swift */,
			);
			path = ViewModel;
			sourceTree = "<group>";
		};
		7FEB21941DDD3B5900B898DF /* Common */ = {
			isa = PBXGroup;
			children = (
				7FEB21951DDD3B6A00B898DF /* Common.swift */,
				7F2919851DDEF33B00107BB8 /* NetworkTool.swift */,
			);
			path = Common;
			sourceTree = "<group>";
		};
		915E25D8E51B2095BED40095 /* Pods */ = {
			isa = PBXGroup;
			children = (
				B6BC3A54B392B1EAAB97637C /* Pods-DouYuTV.debug.xcconfig */,
				9670878A78E16958129FF475 /* Pods-DouYuTV.release.xcconfig */,
			);
			name = Pods;
			sourceTree = "<group>";
		};
		C669EEBD96601A018BC50EEB /* Frameworks */ = {
			isa = PBXGroup;
			children = (
				0CE29DF8F7CACDE1FA97D139 /* Pods_DouYuTV.framework */,
			);
			name = Frameworks;
			sourceTree = "<group>";
		};
		E17619BA1DB8DCD9003965E2 = {
			isa = PBXGroup;
			children = (
				E17619C51DB8DCD9003965E2 /* DouYuTV */,
				E17619C41DB8DCD9003965E2 /* Products */,
				C669EEBD96601A018BC50EEB /* Frameworks */,
				915E25D8E51B2095BED40095 /* Pods */,
			);
			sourceTree = "<group>";
		};
		E17619C41DB8DCD9003965E2 /* Products */ = {
			isa = PBXGroup;
			children = (
				E17619C31DB8DCD9003965E2 /* DouYuTV.app */,
			);
			name = Products;
			sourceTree = "<group>";
		};
		E17619C51DB8DCD9003965E2 /* DouYuTV */ = {
			isa = PBXGroup;
			children = (
				E17619C61DB8DCD9003965E2 /* AppDelegate.swift */,
				E17619D81DB8F01C003965E2 /* Classes */,
				E17619CD1DB8DCD9003965E2 /* Assets.xcassets */,
				E17619D21DB8DCD9003965E2 /* Info.plist */,
			);
			path = DouYuTV;
			sourceTree = "<group>";
		};
		E17619D81DB8F01C003965E2 /* Classes */ = {
			isa = PBXGroup;
			children = (
				E17619E51DB8F01C003965E2 /* Main */,
				E17619DD1DB8F01C003965E2 /* Home */,
				E17619E11DB8F01C003965E2 /* Live */,
				E17619D91DB8F01C003965E2 /* Follow */,
				E17619E91DB8F01C003965E2 /* Profile */,
				E17619ED1DB8F0CA003965E2 /* Tools */,
			);
			path = Classes;
			sourceTree = "<group>";
		};
		E17619D91DB8F01C003965E2 /* Follow */ = {
			isa = PBXGroup;
			children = (
				7FEB219D1DDD456F00B898DF /* Follow.storyboard */,
				E17619DA1DB8F01C003965E2 /* Controller */,
				E17619DB1DB8F01C003965E2 /* Model */,
				E17619DC1DB8F01C003965E2 /* View */,
			);
			path = Follow;
			sourceTree = "<group>";
		};
		E17619DA1DB8F01C003965E2 /* Controller */ = {
			isa = PBXGroup;
			children = (
				E1761A051DB90098003965E2 /* FollowViewController.swift */,
			);
			path = Controller;
			sourceTree = "<group>";
		};
		E17619DB1DB8F01C003965E2 /* Model */ = {
			isa = PBXGroup;
			children = (
			);
			path = Model;
			sourceTree = "<group>";
		};
		E17619DC1DB8F01C003965E2 /* View */ = {
			isa = PBXGroup;
			children = (
			);
			path = View;
			sourceTree = "<group>";
		};
		E17619DD1DB8F01C003965E2 /* Home */ = {
			isa = PBXGroup;
			children = (
				E17619F11DB8F864003965E2 /* Home.storyboard */,
				7FB3A83A1DDEA3110020F75C /* Model */,
				7F2919871DDEFA1B00107BB8 /* ViewModel */,
				7FB3A83B1DDEA3110020F75C /* View */,
				E17619DE1DB8F01C003965E2 /* Controller */,
			);
			path = Home;
			sourceTree = "<group>";
		};
		E17619DE1DB8F01C003965E2 /* Controller */ = {
			isa = PBXGroup;
			children = (
				E1761A011DB90071003965E2 /* HomeViewController.swift */,
				E1D052911DE3140400ABD88E /* HomeBaseViewController.swift */,
				7FB3A8361DDE95080020F75C /* RecommendViewController.swift */,
				7F3C9CEF1DE2C5E700704C86 /* GameViewController.swift */,
				E1D052931DE3154100ABD88E /* EntertainmentViewController.swift */,
				E1D052951DE31EC300ABD88E /* FunViewController.swift */,
			);
			path = Controller;
			sourceTree = "<group>";
		};
		E17619E11DB8F01C003965E2 /* Live */ = {
			isa = PBXGroup;
			children = (
				E17619F41DB8F8A5003965E2 /* Live.storyboard */,
				E17619E21DB8F01C003965E2 /* Controller */,
				E17619E31DB8F01C003965E2 /* Model */,
				E17619E41DB8F01C003965E2 /* View */,
			);
			path = Live;
			sourceTree = "<group>";
		};
		E17619E21DB8F01C003965E2 /* Controller */ = {
			isa = PBXGroup;
			children = (
				E1761A031DB9008C003965E2 /* LiveViewController.swift */,
			);
			path = Controller;
			sourceTree = "<group>";
		};
		E17619E31DB8F01C003965E2 /* Model */ = {
			isa = PBXGroup;
			children = (
			);
			path = Model;
			sourceTree = "<group>";
		};
		E17619E41DB8F01C003965E2 /* View */ = {
			isa = PBXGroup;
			children = (
			);
			path = View;
			sourceTree = "<group>";
		};
		E17619E51DB8F01C003965E2 /* Main */ = {
			isa = PBXGroup;
			children = (
				7F3C9CF71DE2E1A400704C86 /* http请求资源.h */,
				E17619CA1DB8DCD9003965E2 /* Main.storyboard */,
				7F29198E1DDF02B100107BB8 /* Model */,
				7FBB981C1DE41CA100CE903D /* ViewModel */,
				E17619E61DB8F01C003965E2 /* Controller */,
				E17619E81DB8F01C003965E2 /* View */,
			);
			path = Main;
			sourceTree = "<group>";
		};
		E17619E61DB8F01C003965E2 /* Controller */ = {
			isa = PBXGroup;
			children = (
				E17619FF1DB90028003965E2 /* MainViewController.swift */,
			);
			path = Controller;
			sourceTree = "<group>";
		};
		E17619E81DB8F01C003965E2 /* View */ = {
			isa = PBXGroup;
			children = (
				7FEB21921DDD386500B898DF /* PageTitleView.swift */,
				7FEB21A31DDD5A8D00B898DF /* PageContentView.swift */,
				7F2919931DDFF16A00107BB8 /* BaseCollectionCell.swift */,
				7FB3A8401DDEB2880020F75C /* NormalCollectionCell.swift */,
				7FB3A8411DDEB2880020F75C /* NormalCollectionCell.xib */,
				7FB3A8441DDECB330020F75C /* PrettyCollectionCell.swift */,
				7FB3A8451DDECB330020F75C /* PrettyCollectionCell.xib */,
			);
			path = View;
			sourceTree = "<group>";
		};
		E17619E91DB8F01C003965E2 /* Profile */ = {
			isa = PBXGroup;
			children = (
				7FEB219F1DDD456F00B898DF /* Profile.storyboard */,
				E17619EA1DB8F01C003965E2 /* Controller */,
				E17619EB1DB8F01C003965E2 /* Model */,
				E17619EC1DB8F01C003965E2 /* View */,
			);
			path = Profile;
			sourceTree = "<group>";
		};
		E17619EA1DB8F01C003965E2 /* Controller */ = {
			isa = PBXGroup;
			children = (
				E1761A071DB900A5003965E2 /* ProfileViewController.swift */,
			);
			path = Controller;
			sourceTree = "<group>";
		};
		E17619EB1DB8F01C003965E2 /* Model */ = {
			isa = PBXGroup;
			children = (
			);
			path = Model;
			sourceTree = "<group>";
		};
		E17619EC1DB8F01C003965E2 /* View */ = {
			isa = PBXGroup;
			children = (
			);
			path = View;
			sourceTree = "<group>";
		};
		E17619ED1DB8F0CA003965E2 /* Tools */ = {
			isa = PBXGroup;
			children = (
				7FEB21941DDD3B5900B898DF /* Common */,
				E1761A091DB908CA003965E2 /* Extension */,
			);
			path = Tools;
			sourceTree = "<group>";
		};
		E1761A091DB908CA003965E2 /* Extension */ = {
			isa = PBXGroup;
			children = (
				E1761A0A1DB908E4003965E2 /* UIBarButtonItem-Extension.swift */,
				7FEB21A71DDD5F3800B898DF /* UIColor-Extension.swift */,
				7F29198C1DDEFD5900107BB8 /* NSDate-Extension.swift */,
			);
			path = Extension;
			sourceTree = "<group>";
		};
/* End PBXGroup section */

/* Begin PBXNativeTarget section */
		E17619C21DB8DCD9003965E2 /* DouYuTV */ = {
			isa = PBXNativeTarget;
			buildConfigurationList = E17619D51DB8DCD9003965E2 /* Build configuration list for PBXNativeTarget "DouYuTV" */;
			buildPhases = (
				9A468B853FFFFBF04D685BDA /* [CP] Check Pods Manifest.lock */,
				E17619BF1DB8DCD9003965E2 /* Sources */,
				E17619C01DB8DCD9003965E2 /* Frameworks */,
				E17619C11DB8DCD9003965E2 /* Resources */,
				B87AF10D4540973F0A427373 /* [CP] Embed Pods Frameworks */,
				E564321D574B6A773BF5D5D6 /* [CP] Copy Pods Resources */,
			);
			buildRules = (
			);
			dependencies = (
			);
			name = DouYuTV;
			productName = DouYuTV;
			productReference = E17619C31DB8DCD9003965E2 /* DouYuTV.app */;
			productType = "com.apple.product-type.application";
		};
/* End PBXNativeTarget section */

/* Begin PBXProject section */
		E17619BB1DB8DCD9003965E2 /* Project object */ = {
			isa = PBXProject;
			attributes = {
				LastSwiftUpdateCheck = 0800;
				LastUpgradeCheck = 0810;
				ORGANIZATIONNAME = jifusheng;
				TargetAttributes = {
					E17619C21DB8DCD9003965E2 = {
						CreatedOnToolsVersion = 8.0;
						DevelopmentTeam = 3MMKWB3L38;
						ProvisioningStyle = Automatic;
					};
				};
			};
			buildConfigurationList = E17619BE1DB8DCD9003965E2 /* Build configuration list for PBXProject "DouYuTV" */;
			compatibilityVersion = "Xcode 3.2";
			developmentRegion = English;
			hasScannedForEncodings = 0;
			knownRegions = (
				en,
				Base,
			);
			mainGroup = E17619BA1DB8DCD9003965E2;
			productRefGroup = E17619C41DB8DCD9003965E2 /* Products */;
			projectDirPath = "";
			projectRoot = "";
			targets = (
				E17619C21DB8DCD9003965E2 /* DouYuTV */,
			);
		};
/* End PBXProject section */

/* Begin PBXResourcesBuildPhase section */
		E17619C11DB8DCD9003965E2 /* Resources */ = {
			isa = PBXResourcesBuildPhase;
			buildActionMask = 2147483647;
			files = (
				7F2919981DDFF9C500107BB8 /* RecommendCycleView.xib in Resources */,
				7FEB21A21DDD456F00B898DF /* Profile.storyboard in Resources */,
				7F3C9CFD1DE2EB5D00704C86 /* RecommendCateView.xib in Resources */,
				7FEB21A11DDD456F00B898DF /* Follow.storyboard in Resources */,
				7F73CADD1DE56B5D001C795C /* CateCollectionCell.xib in Resources */,
				E17619CE1DB8DCD9003965E2 /* Assets.xcassets in Resources */,
				7F3C9CE61DE2896700704C86 /* CycleCollectionCell.xib in Resources */,
				7F3C9CEA1DE2A40A00704C86 /* RecommendGameView.xib in Resources */,
				7F3C9CEE1DE2B36700704C86 /* GameCollectionCell.xib in Resources */,
				E17619CC1DB8DCD9003965E2 /* Main.storyboard in Resources */,
				7FB3A8471DDECB330020F75C /* PrettyCollectionCell.xib in Resources */,
				7FB3A83F1DDEA3AF0020F75C /* RecommendHeaderView.xib in Resources */,
				E17619F61DB8F8A5003965E2 /* Live.storyboard in Resources */,
				7FB3A8431DDEB2880020F75C /* NormalCollectionCell.xib in Resources */,
				E17619F31DB8F864003965E2 /* Home.storyboard in Resources */,
			);
			runOnlyForDeploymentPostprocessing = 0;
		};
/* End PBXResourcesBuildPhase section */

/* Begin PBXShellScriptBuildPhase section */
		9A468B853FFFFBF04D685BDA /* [CP] Check Pods Manifest.lock */ = {
			isa = PBXShellScriptBuildPhase;
			buildActionMask = 2147483647;
			files = (
			);
			inputPaths = (
			);
			name = "[CP] Check Pods Manifest.lock";
			outputPaths = (
			);
			runOnlyForDeploymentPostprocessing = 0;
			shellPath = /bin/sh;
			shellScript = "diff \"${PODS_ROOT}/../Podfile.lock\" \"${PODS_ROOT}/Manifest.lock\" > /dev/null\nif [ $? != 0 ] ; then\n    # print error to STDERR\n    echo \"error: The sandbox is not in sync with the Podfile.lock. Run 'pod install' or update your CocoaPods installation.\" >&2\n    exit 1\nfi\n";
			showEnvVarsInLog = 0;
		};
		B87AF10D4540973F0A427373 /* [CP] Embed Pods Frameworks */ = {
			isa = PBXShellScriptBuildPhase;
			buildActionMask = 2147483647;
			files = (
			);
			inputPaths = (
			);
			name = "[CP] Embed Pods Frameworks";
			outputPaths = (
			);
			runOnlyForDeploymentPostprocessing = 0;
			shellPath = /bin/sh;
			shellScript = "\"${SRCROOT}/Pods/Target Support Files/Pods-DouYuTV/Pods-DouYuTV-frameworks.sh\"\n";
			showEnvVarsInLog = 0;
		};
		E564321D574B6A773BF5D5D6 /* [CP] Copy Pods Resources */ = {
			isa = PBXShellScriptBuildPhase;
			buildActionMask = 2147483647;
			files = (
			);
			inputPaths = (
			);
			name = "[CP] Copy Pods Resources";
			outputPaths = (
			);
			runOnlyForDeploymentPostprocessing = 0;
			shellPath = /bin/sh;
			shellScript = "\"${SRCROOT}/Pods/Target Support Files/Pods-DouYuTV/Pods-DouYuTV-resources.sh\"\n";
			showEnvVarsInLog = 0;
		};
/* End PBXShellScriptBuildPhase section */

/* Begin PBXSourcesBuildPhase section */
		E17619BF1DB8DCD9003965E2 /* Sources */ = {
			isa = PBXSourcesBuildPhase;
			buildActionMask = 2147483647;
			files = (
				7FEB21931DDD386500B898DF /* PageTitleView.swift in Sources */,
				7F2919901DDF02D400107BB8 /* AnchorGroupModel.swift in Sources */,
				E1761A081DB900A5003965E2 /* ProfileViewController.swift in Sources */,
				E17619C71DB8DCD9003965E2 /* AppDelegate.swift in Sources */,
				7F3C9CFB1DE2EB3C00704C86 /* RecommendCateView.swift in Sources */,
				7FBB981E1DE41CBB00CE903D /* BaseViewModel.swift in Sources */,
				7FEB21A41DDD5A8D00B898DF /* PageContentView.swift in Sources */,
				7F2919861DDEF33B00107BB8 /* NetworkTool.swift in Sources */,
				E1761A001DB90028003965E2 /* MainViewController.swift in Sources */,
				7FB3A8371DDE95080020F75C /* RecommendViewController.swift in Sources */,
				E1D052941DE3154100ABD88E /* EntertainmentViewController.swift in Sources */,
				7F2919891DDEFA6900107BB8 /* RecommendVM.swift in Sources */,
				7FEB21961DDD3B6A00B898DF /* Common.swift in Sources */,
				E1761A061DB90098003965E2 /* FollowViewController.swift in Sources */,
				7FBB98221DE41F0900CE903D /* FunVM.swift in Sources */,
				7F3C9CED1DE2B36700704C86 /* GameCollectionCell.swift in Sources */,
				7F3C9CF21DE2D04100704C86 /* GameVM.swift in Sources */,
				7F3C9CE81DE2A3F700704C86 /* RecommendGameView.swift in Sources */,
				7F3C9CF41DE2D1E500704C86 /* GameModel.swift in Sources */,
				7F3C9CF01DE2C5E700704C86 /* GameViewController.swift in Sources */,
				7F29198D1DDEFD5900107BB8 /* NSDate-Extension.swift in Sources */,
				7F73CADC1DE56B5D001C795C /* CateCollectionCell.swift in Sources */,
				7FB3A8421DDEB2880020F75C /* NormalCollectionCell.swift in Sources */,
				7F2919941DDFF16A00107BB8 /* BaseCollectionCell.swift in Sources */,
				7FB3A8461DDECB330020F75C /* PrettyCollectionCell.swift in Sources */,
				E1761A041DB9008C003965E2 /* LiveViewController.swift in Sources */,
				7FBB98201DE41ED600CE903D /* EntertainmentVM.swift in Sources */,
				E1D052921DE3140400ABD88E /* HomeBaseViewController.swift in Sources */,
				7F3C9CE51DE2896700704C86 /* CycleCollectionCell.swift in Sources */,
				7F3C9CF91DE2E50C00704C86 /* BaseGroupModel.swift in Sources */,
				7FB3A83D1DDEA3110020F75C /* RecommendHeaderView.swift in Sources */,
				7F2919921DDF056000107BB8 /* AnchorModel.swift in Sources */,
				7F3C9CF61DE2D79200704C86 /* BaseGameModel.swift in Sources */,
				E1D052961DE31EC300ABD88E /* FunViewController.swift in Sources */,
				E1761A021DB90071003965E2 /* HomeViewController.swift in Sources */,
				E1761A0B1DB908E4003965E2 /* UIBarButtonItem-Extension.swift in Sources */,
				7F2919961DDFF72900107BB8 /* RecommendCycleView.swift in Sources */,
				7F3C9CE21DE284E300704C86 /* CycleModel.swift in Sources */,
				7FEB21A81DDD5F3800B898DF /* UIColor-Extension.swift in Sources */,
			);
			runOnlyForDeploymentPostprocessing = 0;
		};
/* End PBXSourcesBuildPhase section */

/* Begin PBXVariantGroup section */
		7FEB219D1DDD456F00B898DF /* Follow.storyboard */ = {
			isa = PBXVariantGroup;
			children = (
				7FEB219E1DDD456F00B898DF /* Base */,
			);
			name = Follow.storyboard;
			path = ../..;
			sourceTree = "<group>";
		};
		7FEB219F1DDD456F00B898DF /* Profile.storyboard */ = {
			isa = PBXVariantGroup;
			children = (
				7FEB21A01DDD456F00B898DF /* Base */,
			);
			name = Profile.storyboard;
			path = ../..;
			sourceTree = "<group>";
		};
		E17619CA1DB8DCD9003965E2 /* Main.storyboard */ = {
			isa = PBXVariantGroup;
			children = (
				E17619CB1DB8DCD9003965E2 /* Base */,
			);
			name = Main.storyboard;
			path = ../..;
			sourceTree = "<group>";
		};
		E17619F11DB8F864003965E2 /* Home.storyboard */ = {
			isa = PBXVariantGroup;
			children = (
				E17619F21DB8F864003965E2 /* Base */,
			);
			name = Home.storyboard;
			sourceTree = "<group>";
		};
		E17619F41DB8F8A5003965E2 /* Live.storyboard */ = {
			isa = PBXVariantGroup;
			children = (
				E17619F51DB8F8A5003965E2 /* Base */,
			);
			name = Live.storyboard;
			sourceTree = "<group>";
		};
/* End PBXVariantGroup section */

/* Begin XCBuildConfiguration section */
		E17619D31DB8DCD9003965E2 /* Debug */ = {
			isa = XCBuildConfiguration;
			buildSettings = {
				ALWAYS_SEARCH_USER_PATHS = NO;
				CLANG_ANALYZER_NONNULL = YES;
				CLANG_CXX_LANGUAGE_STANDARD = "gnu++0x";
				CLANG_CXX_LIBRARY = "libc++";
				CLANG_ENABLE_MODULES = YES;
				CLANG_ENABLE_OBJC_ARC = YES;
				CLANG_WARN_BOOL_CONVERSION = YES;
				CLANG_WARN_CONSTANT_CONVERSION = YES;
				CLANG_WARN_DIRECT_OBJC_ISA_USAGE = YES_ERROR;
				CLANG_WARN_DOCUMENTATION_COMMENTS = YES;
				CLANG_WARN_EMPTY_BODY = YES;
				CLANG_WARN_ENUM_CONVERSION = YES;
				CLANG_WARN_INFINITE_RECURSION = YES;
				CLANG_WARN_INT_CONVERSION = YES;
				CLANG_WARN_OBJC_ROOT_CLASS = YES_ERROR;
				CLANG_WARN_SUSPICIOUS_MOVE = YES;
				CLANG_WARN_SUSPICIOUS_MOVES = YES;
				CLANG_WARN_UNREACHABLE_CODE = YES;
				CLANG_WARN__DUPLICATE_METHOD_MATCH = YES;
				"CODE_SIGN_IDENTITY[sdk=iphoneos*]" = "iPhone Developer";
				COPY_PHASE_STRIP = NO;
				DEBUG_INFORMATION_FORMAT = dwarf;
				ENABLE_STRICT_OBJC_MSGSEND = YES;
				ENABLE_TESTABILITY = YES;
				GCC_C_LANGUAGE_STANDARD = gnu99;
				GCC_DYNAMIC_NO_PIC = NO;
				GCC_NO_COMMON_BLOCKS = YES;
				GCC_OPTIMIZATION_LEVEL = 0;
				GCC_PREPROCESSOR_DEFINITIONS = (
					"DEBUG=1",
					"$(inherited)",
				);
				GCC_WARN_64_TO_32_BIT_CONVERSION = YES;
				GCC_WARN_ABOUT_RETURN_TYPE = YES_ERROR;
				GCC_WARN_UNDECLARED_SELECTOR = YES;
				GCC_WARN_UNINITIALIZED_AUTOS = YES_AGGRESSIVE;
				GCC_WARN_UNUSED_FUNCTION = YES;
				GCC_WARN_UNUSED_VARIABLE = YES;
				IPHONEOS_DEPLOYMENT_TARGET = 10.1;
				MTL_ENABLE_DEBUG_INFO = YES;
				ONLY_ACTIVE_ARCH = YES;
				SDKROOT = iphoneos;
				SWIFT_ACTIVE_COMPILATION_CONDITIONS = DEBUG;
				SWIFT_OPTIMIZATION_LEVEL = "-Onone";
			};
			name = Debug;
		};
		E17619D41DB8DCD9003965E2 /* Release */ = {
			isa = XCBuildConfiguration;
			buildSettings = {
				ALWAYS_SEARCH_USER_PATHS = NO;
				CLANG_ANALYZER_NONNULL = YES;
				CLANG_CXX_LANGUAGE_STANDARD = "gnu++0x";
				CLANG_CXX_LIBRARY = "libc++";
				CLANG_ENABLE_MODULES = YES;
				CLANG_ENABLE_OBJC_ARC = YES;
				CLANG_WARN_BOOL_CONVERSION = YES;
				CLANG_WARN_CONSTANT_CONVERSION = YES;
				CLANG_WARN_DIRECT_OBJC_ISA_USAGE = YES_ERROR;
				CLANG_WARN_DOCUMENTATION_COMMENTS = YES;
				CLANG_WARN_EMPTY_BODY = YES;
				CLANG_WARN_ENUM_CONVERSION = YES;
				CLANG_WARN_INFINITE_RECURSION = YES;
				CLANG_WARN_INT_CONVERSION = YES;
				CLANG_WARN_OBJC_ROOT_CLASS = YES_ERROR;
				CLANG_WARN_SUSPICIOUS_MOVE = YES;
				CLANG_WARN_SUSPICIOUS_MOVES = YES;
				CLANG_WARN_UNREACHABLE_CODE = YES;
				CLANG_WARN__DUPLICATE_METHOD_MATCH = YES;
				"CODE_SIGN_IDENTITY[sdk=iphoneos*]" = "iPhone Developer";
				COPY_PHASE_STRIP = NO;
				DEBUG_INFORMATION_FORMAT = "dwarf-with-dsym";
				ENABLE_NS_ASSERTIONS = NO;
				ENABLE_STRICT_OBJC_MSGSEND = YES;
				GCC_C_LANGUAGE_STANDARD = gnu99;
				GCC_NO_COMMON_BLOCKS = YES;
				GCC_WARN_64_TO_32_BIT_CONVERSION = YES;
				GCC_WARN_ABOUT_RETURN_TYPE = YES_ERROR;
				GCC_WARN_UNDECLARED_SELECTOR = YES;
				GCC_WARN_UNINITIALIZED_AUTOS = YES_AGGRESSIVE;
				GCC_WARN_UNUSED_FUNCTION = YES;
				GCC_WARN_UNUSED_VARIABLE = YES;
				IPHONEOS_DEPLOYMENT_TARGET = 10.1;
				MTL_ENABLE_DEBUG_INFO = NO;
				SDKROOT = iphoneos;
				SWIFT_OPTIMIZATION_LEVEL = "-Owholemodule";
				VALIDATE_PRODUCT = YES;
			};
			name = Release;
		};
		E17619D61DB8DCD9003965E2 /* Debug */ = {
			isa = XCBuildConfiguration;
			baseConfigurationReference = B6BC3A54B392B1EAAB97637C /* Pods-DouYuTV.debug.xcconfig */;
			buildSettings = {
				ALWAYS_EMBED_SWIFT_STANDARD_LIBRARIES = YES;
				ASSETCATALOG_COMPILER_APPICON_NAME = AppIcon;
				ASSETCATALOG_COMPILER_LAUNCHIMAGE_NAME = LaunchImage;
				DEVELOPMENT_TEAM = 3MMKWB3L38;
				INFOPLIST_FILE = DouYuTV/Info.plist;
				IPHONEOS_DEPLOYMENT_TARGET = 9.0;
				LD_RUNPATH_SEARCH_PATHS = "$(inherited) @executable_path/Frameworks";
				PODS_ROOT = "$(inherited)";
				PRODUCT_BUNDLE_IDENTIFIER = com.jifusheng.DouYuTV;
				PRODUCT_NAME = "$(TARGET_NAME)";
				SWIFT_DISABLE_SAFETY_CHECKS = NO;
				SWIFT_VERSION = 3.0;
			};
			name = Debug;
		};
		E17619D71DB8DCD9003965E2 /* Release */ = {
			isa = XCBuildConfiguration;
			baseConfigurationReference = 9670878A78E16958129FF475 /* Pods-DouYuTV.release.xcconfig */;
			buildSettings = {
				ALWAYS_EMBED_SWIFT_STANDARD_LIBRARIES = YES;
				ASSETCATALOG_COMPILER_APPICON_NAME = AppIcon;
				ASSETCATALOG_COMPILER_LAUNCHIMAGE_NAME = LaunchImage;
				DEVELOPMENT_TEAM = 3MMKWB3L38;
				INFOPLIST_FILE = DouYuTV/Info.plist;
				IPHONEOS_DEPLOYMENT_TARGET = 9.0;
				LD_RUNPATH_SEARCH_PATHS = "$(inherited) @executable_path/Frameworks";
				PODS_ROOT = "$(inherited)";
				PRODUCT_BUNDLE_IDENTIFIER = com.jifusheng.DouYuTV;
				PRODUCT_NAME = "$(TARGET_NAME)";
				SWIFT_DISABLE_SAFETY_CHECKS = NO;
				SWIFT_VERSION = 3.0;
			};
			name = Release;
		};
/* End XCBuildConfiguration section */

/* Begin XCConfigurationList section */
		E17619BE1DB8DCD9003965E2 /* Build configuration list for PBXProject "DouYuTV" */ = {
			isa = XCConfigurationList;
			buildConfigurations = (
				E17619D31DB8DCD9003965E2 /* Debug */,
				E17619D41DB8DCD9003965E2 /* Release */,
			);
			defaultConfigurationIsVisible = 0;
			defaultConfigurationName = Release;
		};
		E17619D51DB8DCD9003965E2 /* Build configuration list for PBXNativeTarget "DouYuTV" */ = {
			isa = XCConfigurationList;
			buildConfigurations = (
				E17619D61DB8DCD9003965E2 /* Debug */,
				E17619D71DB8DCD9003965E2 /* Release */,
			);
			defaultConfigurationIsVisible = 0;
			defaultConfigurationName = Release;
		};
/* End XCConfigurationList section */
	};
	rootObject = E17619BB1DB8DCD9003965E2 /* Project object */;
}
